
Microsoft Visual Studio Solution File, Format Version 12.00
# Visual Studio Version 17
VisualStudioVersion = 17.14.36109.1 d17.14
MinimumVisualStudioVersion = 10.0.40219.1
Project("{FAE04EC0-301F-11D3-BF4B-00C04F79EFBC}") = "LeetCode", "LeetCode\LeetCode.csproj", "{7E646373-ED75-4570-9C19-0A8824F77AB3}"
EndProject
Global
	GlobalSection(SolutionConfigurationPlatforms) = preSolution
		Debug|Any CPU = Debug|Any CPU
		Release|Any CPU = Release|Any CPU
	EndGlobalSection
	GlobalSection(ProjectConfigurationPlatforms) = postSolution
		{7E646373-ED75-4570-9C19-0A8824F77AB3}.Debug|Any CPU.ActiveCfg = Debug|Any CPU
		{7E646373-ED75-4570-9C19-0A8824F77AB3}.Debug|Any CPU.Build.0 = Debug|Any CPU
		{7E646373-ED75-4570-9C19-0A8824F77AB3}.Release|Any CPU.ActiveCfg = Release|Any CPU
		{7E646373-ED75-4570-9C19-0A8824F77AB3}.Release|Any CPU.Build.0 = Release|Any CPU
	EndGlobalSection
	GlobalSection(SolutionProperties) = preSolution
		HideSolutionNode = FALSE
	EndGlobalSection
	GlobalSection(ExtensibilityGlobals) = postSolution
		SolutionGuid = {FC5D7DF4-1CC4-45FB-8C60-A32FC6B4D2A7}
	EndGlobalSection
EndGlobal
